
Microsoft Visual Studio Solution File, Format Version 12.00
# Visual Studio 15
VisualStudioVersion = 15.0.27703.2000
MinimumVisualStudioVersion = 10.0.40219.1
Project("{FAE04EC0-301F-11D3-BF4B-00C04F79EFBC}") = "HackerRank", "HackerRank.csproj", "{365B61CE-8352-4EF3-AFC3-15C9CBAA7432}"
EndProject
Global
	GlobalSection(SolutionConfigurationPlatforms) = preSolution
		Debug|x86 = Debug|x86
		Release|x86 = Release|x86
	EndGlobalSection
	GlobalSection(ProjectConfigurationPlatforms) = postSolution
		{365B61CE-8352-4EF3-AFC3-15C9CBAA7432}.Debug|x86.ActiveCfg = Debug|x86
		{365B61CE-8352-4EF3-AFC3-15C9CBAA7432}.Debug|x86.Build.0 = Debug|x86
		{365B61CE-8352-4EF3-AFC3-15C9CBAA7432}.Release|x86.ActiveCfg = Release|x86
		{365B61CE-8352-4EF3-AFC3-15C9CBAA7432}.Release|x86.Build.0 = Release|x86
	EndGlobalSection
	GlobalSection(SolutionProperties) = preSolution
		HideSolutionNode = FALSE
	EndGlobalSection
	GlobalSection(ExtensibilityGlobals) = postSolution
		SolutionGuid = {3D41023F-B2CD-42C0-9C72-CDF8737E5651}
	EndGlobalSection
EndGlobal
